<?xml version="1.0" encoding="utf-8"?>
<Project ToolsVersion="4.0" xmlns="http://schemas.microsoft.com/developer/msbuild/2003">
  <ItemGroup>
    <Filter Include="lua-5.3.5">
      <UniqueIdentifier>{c942a469-4713-4c60-87cd-689116f44bfc}</UniqueIdentifier>
    </Filter>
    <Filter Include="lua-5.3.5\src">
      <UniqueIdentifier>{c306c177-4df1-422e-977e-7c5d37e01a45}</UniqueIdentifier>
    </Filter>
    <Filter Include="lua-cjson-2.1.0">
      <UniqueIdentifier>{68d9a7af-1f40-4ef0-b66c-a1acc4699ec9}</UniqueIdentifier>
    </Filter>
    <Filter Include="luafilesystem-2.0">
      <UniqueIdentifier>{7a134601-869b-416a-844d-ceec7b66d5c3}</UniqueIdentifier>
    </Filter>
    <Filter Include="luafilesystem-2.0\src">
      <UniqueIdentifier>{9e63140d-f8fe-4a78-82a7-4544478c8faf}</UniqueIdentifier>
    </Filter>
    <Filter Include="lpeg-1.0.2">
      <UniqueIdentifier>{c5ce605b-2b0b-43d1-80b1-91e3ea3a7abf}</UniqueIdentifier>
    </Filter>
  </ItemGroup>
  <ItemGroup>
    <ClCompile Include="..\src\lua-5.3.5\src\lapi.c">
      <Filter>lua-5.3.5\src</Filter>
    </ClCompile>
    <ClCompile Include="..\src\lua-5.3.5\src\lauxlib.c">
      <Filter>lua-5.3.5\src</Filter>
    </ClCompile>
    <ClCompile Include="..\src\lua-5.3.5\src\lbaselib.c">
      <Filter>lua-5.3.5\src</Filter>
    </ClCompile>
    <ClCompile Include="..\src\lua-5.3.5\src\lbitlib.c">
      <Filter>lua-5.3.5\src</Filter>
    </ClCompile>
    <ClCompile Include="..\src\lua-5.3.5\src\lcode.c">
      <Filter>lua-5.3.5\src</Filter>
    </ClCompile>
    <ClCompile Include="..\src\lua-5.3.5\src\lcorolib.c">
      <Filter>lua-5.3.5\src</Filter>
    </ClCompile>
    <ClCompile Include="..\src\lua-5.3.5\src\lctype.c">
      <Filter>lua-5.3.5\src</Filter>
    </ClCompile>
    <ClCompile Include="..\src\lua-5.3.5\src\ldblib.c">
      <Filter>lua-5.3.5\src</Filter>
    </ClCompile>
    <ClCompile Include="..\src\lua-5.3.5\src\ldebug.c">
      <Filter>lua-5.3.5\src</Filter>
    </ClCompile>
    <ClCompile Include="..\src\lua-5.3.5\src\ldo.c">
      <Filter>lua-5.3.5\src</Filter>
    </ClCompile>
    <ClCompile Include="..\src\lua-5.3.5\src\ldump.c">
      <Filter>lua-5.3.5\src</Filter>
    </ClCompile>
    <ClCompile Include="..\src\lua-5.3.5\src\lfunc.c">
      <Filter>lua-5.3.5\src</Filter>
    </ClCompile>
    <ClCompile Include="..\src\lua-5.3.5\src\lgc.c">
      <Filter>lua-5.3.5\src</Filter>
    </ClCompile>
    <ClCompile Include="..\src\lua-5.3.5\src\linit.c">
      <Filter>lua-5.3.5\src</Filter>
    </ClCompile>
    <ClCompile Include="..\src\lua-5.3.5\src\liolib.c">
      <Filter>lua-5.3.5\src</Filter>
    </ClCompile>
    <ClCompile Include="..\src\lua-5.3.5\src\llex.c">
      <Filter>lua-5.3.5\src</Filter>
    </ClCompile>
    <ClCompile Include="..\src\lua-5.3.5\src\lmathlib.c">
      <Filter>lua-5.3.5\src</Filter>
    </ClCompile>
    <ClCompile Include="..\src\lua-5.3.5\src\lmem.c">
      <Filter>lua-5.3.5\src</Filter>
    </ClCompile>
    <ClCompile Include="..\src\lua-5.3.5\src\loadlib.c">
      <Filter>lua-5.3.5\src</Filter>
    </ClCompile>
    <ClCompile Include="..\src\lua-5.3.5\src\lobject.c">
      <Filter>lua-5.3.5\src</Filter>
    </ClCompile>
    <ClCompile Include="..\src\lua-5.3.5\src\lopcodes.c">
      <Filter>lua-5.3.5\src</Filter>
    </ClCompile>
    <ClCompile Include="..\src\lua-5.3.5\src\loslib.c">
      <Filter>lua-5.3.5\src</Filter>
    </ClCompile>
    <ClCompile Include="..\src\lua-5.3.5\src\lparser.c">
      <Filter>lua-5.3.5\src</Filter>
    </ClCompile>
    <ClCompile Include="..\src\lua-5.3.5\src\lstate.c">
      <Filter>lua-5.3.5\src</Filter>
    </ClCompile>
    <ClCompile Include="..\src\lua-5.3.5\src\lstring.c">
      <Filter>lua-5.3.5\src</Filter>
    </ClCompile>
    <ClCompile Include="..\src\lua-5.3.5\src\lstrlib.c">
      <Filter>lua-5.3.5\src</Filter>
    </ClCompile>
    <ClCompile Include="..\src\lua-5.3.5\src\ltable.c">
      <Filter>lua-5.3.5\src</Filter>
    </ClCompile>
    <ClCompile Include="..\src\lua-5.3.5\src\ltablib.c">
      <Filter>lua-5.3.5\src</Filter>
    </ClCompile>
    <ClCompile Include="..\src\lua-5.3.5\src\ltm.c">
      <Filter>lua-5.3.5\src</Filter>
    </ClCompile>
    <ClCompile Include="..\src\lua-5.3.5\src\lundump.c">
      <Filter>lua-5.3.5\src</Filter>
    </ClCompile>
    <ClCompile Include="..\src\lua-5.3.5\src\lutf8lib.c">
      <Filter>lua-5.3.5\src</Filter>
    </ClCompile>
    <ClCompile Include="..\src\lua-5.3.5\src\lvm.c">
      <Filter>lua-5.3.5\src</Filter>
    </ClCompile>
    <ClCompile Include="..\src\lua-5.3.5\src\lzio.c">
      <Filter>lua-5.3.5\src</Filter>
    </ClCompile>
    <ClCompile Include="..\src\lua-cjson-2.1.0\fpconv.c">
      <Filter>lua-cjson-2.1.0</Filter>
    </ClCompile>
    <ClCompile Include="..\src\lua-cjson-2.1.0\lua_cjson.c">
      <Filter>lua-cjson-2.1.0</Filter>
    </ClCompile>
    <ClCompile Include="..\src\lua-cjson-2.1.0\strbuf.c">
      <Filter>lua-cjson-2.1.0</Filter>
    </ClCompile>
    <ClCompile Include="..\src\luafilesystem-2.0\src\lfs.c">
      <Filter>luafilesystem-2.0\src</Filter>
    </ClCompile>
    <ClCompile Include="..\src\lpeg-1.0.2\lpcap.c">
      <Filter>lpeg-1.0.2</Filter>
    </ClCompile>
    <ClCompile Include="..\src\lpeg-1.0.2\lpcode.c">
      <Filter>lpeg-1.0.2</Filter>
    </ClCompile>
    <ClCompile Include="..\src\lpeg-1.0.2\lpprint.c">
      <Filter>lpeg-1.0.2</Filter>
    </ClCompile>
    <ClCompile Include="..\src\lpeg-1.0.2\lptree.c">
      <Filter>lpeg-1.0.2</Filter>
    </ClCompile>
    <ClCompile Include="..\src\lpeg-1.0.2\lpvm.c">
      <Filter>lpeg-1.0.2</Filter>
    </ClCompile>
  </ItemGroup>
  <ItemGroup>
    <ClInclude Include="..\src\lua-5.3.5\src\lapi.h">
      <Filter>lua-5.3.5\src</Filter>
    </ClInclude>
    <ClInclude Include="..\src\lua-5.3.5\src\lauxlib.h">
      <Filter>lua-5.3.5\src</Filter>
    </ClInclude>
    <ClInclude Include="..\src\lua-5.3.5\src\lcode.h">
      <Filter>lua-5.3.5\src</Filter>
    </ClInclude>
    <ClInclude Include="..\src\lua-5.3.5\src\lctype.h">
      <Filter>lua-5.3.5\src</Filter>
    </ClInclude>
    <ClInclude Include="..\src\lua-5.3.5\src\ldebug.h">
      <Filter>lua-5.3.5\src</Filter>
    </ClInclude>
    <ClInclude Include="..\src\lua-5.3.5\src\ldo.h">
      <Filter>lua-5.3.5\src</Filter>
    </ClInclude>
    <ClInclude Include="..\src\lua-5.3.5\src\lfunc.h">
      <Filter>lua-5.3.5\src</Filter>
    </ClInclude>
    <ClInclude Include="..\src\lua-5.3.5\src\lgc.h">
      <Filter>lua-5.3.5\src</Filter>
    </ClInclude>
    <ClInclude Include="..\src\lua-5.3.5\src\llex.h">
      <Filter>lua-5.3.5\src</Filter>
    </ClInclude>
    <ClInclude Include="..\src\lua-5.3.5\src\llimits.h">
      <Filter>lua-5.3.5\src</Filter>
    </ClInclude>
    <ClInclude Include="..\src\lua-5.3.5\src\lmem.h">
      <Filter>lua-5.3.5\src</Filter>
    </ClInclude>
    <ClInclude Include="..\src\lua-5.3.5\src\lobject.h">
      <Filter>lua-5.3.5\src</Filter>
    </ClInclude>
    <ClInclude Include="..\src\lua-5.3.5\src\lopcodes.h">
      <Filter>lua-5.3.5\src</Filter>
    </ClInclude>
    <ClInclude Include="..\src\lua-5.3.5\src\lparser.h">
      <Filter>lua-5.3.5\src</Filter>
    </ClInclude>
    <ClInclude Include="..\src\lua-5.3.5\src\lprefix.h">
      <Filter>lua-5.3.5\src</Filter>
    </ClInclude>
    <ClInclude Include="..\src\lua-5.3.5\src\lstate.h">
      <Filter>lua-5.3.5\src</Filter>
    </ClInclude>
    <ClInclude Include="..\src\lua-5.3.5\src\lstring.h">
      <Filter>lua-5.3.5\src</Filter>
    </ClInclude>
    <ClInclude Include="..\src\lua-5.3.5\src\ltable.h">
      <Filter>lua-5.3.5\src</Filter>
    </ClInclude>
    <ClInclude Include="..\src\lua-5.3.5\src\ltm.h">
      <Filter>lua-5.3.5\src</Filter>
    </ClInclude>
    <ClInclude Include="..\src\lua-5.3.5\src\lua.h">
      <Filter>lua-5.3.5\src</Filter>
    </ClInclude>
    <ClInclude Include="..\src\lua-5.3.5\src\lua.hpp">
      <Filter>lua-5.3.5\src</Filter>
    </ClInclude>
    <ClInclude Include="..\src\lua-5.3.5\src\luaconf.h">
      <Filter>lua-5.3.5\src</Filter>
    </ClInclude>
    <ClInclude Include="..\src\lua-5.3.5\src\lualib.h">
      <Filter>lua-5.3.5\src</Filter>
    </ClInclude>
    <ClInclude Include="..\src\lua-5.3.5\src\lundump.h">
      <Filter>lua-5.3.5\src</Filter>
    </ClInclude>
    <ClInclude Include="..\src\lua-5.3.5\src\lvm.h">
      <Filter>lua-5.3.5\src</Filter>
    </ClInclude>
    <ClInclude Include="..\src\lua-5.3.5\src\lzio.h">
      <Filter>lua-5.3.5\src</Filter>
    </ClInclude>
    <ClInclude Include="..\src\lua-cjson-2.1.0\fpconv.h">
      <Filter>lua-cjson-2.1.0</Filter>
    </ClInclude>
    <ClInclude Include="..\src\lua-cjson-2.1.0\strbuf.h">
      <Filter>lua-cjson-2.1.0</Filter>
    </ClInclude>
    <ClInclude Include="..\src\luafilesystem-2.0\src\lfs.h">
      <Filter>luafilesystem-2.0\src</Filter>
    </ClInclude>
    <ClInclude Include="..\src\lpeg-1.0.2\lpcap.h">
      <Filter>lpeg-1.0.2</Filter>
    </ClInclude>
    <ClInclude Include="..\src\lpeg-1.0.2\lpcode.h">
      <Filter>lpeg-1.0.2</Filter>
    </ClInclude>
    <ClInclude Include="..\src\lpeg-1.0.2\lpprint.h">
      <Filter>lpeg-1.0.2</Filter>
    </ClInclude>
    <ClInclude Include="..\src\lpeg-1.0.2\lptree.h">
      <Filter>lpeg-1.0.2</Filter>
    </ClInclude>
    <ClInclude Include="..\src\lpeg-1.0.2\lptypes.h">
      <Filter>lpeg-1.0.2</Filter>
    </ClInclude>
    <ClInclude Include="..\src\lpeg-1.0.2\lpvm.h">
      <Filter>lpeg-1.0.2</Filter>
    </ClInclude>
  </ItemGroup>
</Project>